
Microsoft Visual Studio Solution File, Format Version 12.00
# Visual Studio 15
VisualStudioVersion = 15.0.28307.136
MinimumVisualStudioVersion = 10.0.40219.1
Project("{9A19103F-16F7-4668-BE54-9A1E7A4F7556}") = "Mongo.Api", "Mongo\Mongo.Api.csproj", "{AF9DC063-D2D7-4DE7-875F-4A093724C97B}"
EndProject
Global
	GlobalSection(SolutionConfigurationPlatforms) = preSolution
		Debug|Any CPU = Debug|Any CPU
		Release|Any CPU = Release|Any CPU
	EndGlobalSection
	GlobalSection(ProjectConfigurationPlatforms) = postSolution
		{AF9DC063-D2D7-4DE7-875F-4A093724C97B}.Debug|Any CPU.ActiveCfg = Debug|Any CPU
		{AF9DC063-D2D7-4DE7-875F-4A093724C97B}.Debug|Any CPU.Build.0 = Debug|Any CPU
		{AF9DC063-D2D7-4DE7-875F-4A093724C97B}.Release|Any CPU.ActiveCfg = Release|Any CPU
		{AF9DC063-D2D7-4DE7-875F-4A093724C97B}.Release|Any CPU.Build.0 = Release|Any CPU
	EndGlobalSection
	GlobalSection(SolutionProperties) = preSolution
		HideSolutionNode = FALSE
	EndGlobalSection
	GlobalSection(ExtensibilityGlobals) = postSolution
		SolutionGuid = {E9B54594-EA8B-4353-8689-5A3CFE108B81}
	EndGlobalSection
EndGlobal
